
Microsoft Visual Studio Solution File, Format Version 12.00
# Visual Studio Version 16
VisualStudioVersion = 16.0.30907.101
MinimumVisualStudioVersion = 10.0.40219.1
Project("{8BC9CEB8-8B4A-11D0-8D11-00A0C91BC942}") = "Schach", "Schach.vcxproj", "{D8E62210-F3B3-41B8-ADC3-0C402384797A}"
EndProject
Global
	GlobalSection(SolutionConfigurationPlatforms) = preSolution
		Debug|x64 = Debug|x64
		Debug|x86 = Debug|x86
		Release|x64 = Release|x64
		Release|x86 = Release|x86
	EndGlobalSection
	GlobalSection(ProjectConfigurationPlatforms) = postSolution
		{D8E62210-F3B3-41B8-ADC3-0C402384797A}.Debug|x64.ActiveCfg = Debug|x64
		{D8E62210-F3B3-41B8-ADC3-0C402384797A}.Debug|x64.Build.0 = Debug|x64
		{D8E62210-F3B3-41B8-ADC3-0C402384797A}.Debug|x86.ActiveCfg = Debug|Win32
		{D8E62210-F3B3-41B8-ADC3-0C402384797A}.Debug|x86.Build.0 = Debug|Win32
		{D8E62210-F3B3-41B8-ADC3-0C402384797A}.Release|x64.ActiveCfg = Release|x64
		{D8E62210-F3B3-41B8-ADC3-0C402384797A}.Release|x64.Build.0 = Release|x64
		{D8E62210-F3B3-41B8-ADC3-0C402384797A}.Release|x86.ActiveCfg = Release|Win32
		{D8E62210-F3B3-41B8-ADC3-0C402384797A}.Release|x86.Build.0 = Release|Win32
	EndGlobalSection
	GlobalSection(SolutionProperties) = preSolution
		HideSolutionNode = FALSE
	EndGlobalSection
	GlobalSection(ExtensibilityGlobals) = postSolution
		SolutionGuid = {5723E02B-9526-48D3-B61C-B4058AD68350}
	EndGlobalSection
EndGlobal
